
Microsoft Visual Studio Solution File, Format Version 12.00
# Visual Studio Version 16
VisualStudioVersion = 16.0.29009.5
MinimumVisualStudioVersion = 10.0.40219.1
Project("{FAE04EC0-301F-11D3-BF4B-00C04F79EFBC}") = "PayslipProcessorDraft", "PayslipProcessorDraft\PayslipProcessorDraft.csproj", "{C612C60B-A199-468E-ACEB-59A884162475}"
EndProject
Global
	GlobalSection(SolutionConfigurationPlatforms) = preSolution
		Debug|Any CPU = Debug|Any CPU
		Release|Any CPU = Release|Any CPU
	EndGlobalSection
	GlobalSection(ProjectConfigurationPlatforms) = postSolution
		{C612C60B-A199-468E-ACEB-59A884162475}.Debug|Any CPU.ActiveCfg = Debug|Any CPU
		{C612C60B-A199-468E-ACEB-59A884162475}.Debug|Any CPU.Build.0 = Debug|Any CPU
		{C612C60B-A199-468E-ACEB-59A884162475}.Release|Any CPU.ActiveCfg = Release|Any CPU
		{C612C60B-A199-468E-ACEB-59A884162475}.Release|Any CPU.Build.0 = Release|Any CPU
	EndGlobalSection
	GlobalSection(SolutionProperties) = preSolution
		HideSolutionNode = FALSE
	EndGlobalSection
	GlobalSection(ExtensibilityGlobals) = postSolution
		SolutionGuid = {B4E09538-0BD8-4E97-8F61-8B43FC1AF89F}
	EndGlobalSection
EndGlobal
